// !$*UTF8*$!
{
	archiveVersion = 1;
	classes = {
	};
	objectVersion = 56;
	objects = {

/* Begin PBXBuildFile section */
		3352945B2BB6B44400763962 /* Quiz_OceanApp.swift in Sources */ = {isa = PBXBuildFile; fileRef = 3352945A2BB6B44400763962 /* Quiz_OceanApp.swift */; };
		3352945F2BB6B44600763962 /* Assets.xcassets in Resources */ = {isa = PBXBuildFile; fileRef = 3352945E2BB6B44600763962 /* Assets.xcassets */; };
		335294622BB6B44600763962 /* Preview Assets.xcassets in Resources */ = {isa = PBXBuildFile; fileRef = 335294612BB6B44600763962 /* Preview Assets.xcassets */; };
		335294672BB6B44600763962 /* Quiz_Ocean.xcdatamodeld in Sources */ = {isa = PBXBuildFile; fileRef = 335294652BB6B44600763962 /* Quiz_Ocean.xcdatamodeld */; };
		335294702BB6C56400763962 /* ChatView.swift in Sources */ = {isa = PBXBuildFile; fileRef = 3352946F2BB6C56400763962 /* ChatView.swift */; };
		335294722BB6C59000763962 /* NavigationTabView.swift in Sources */ = {isa = PBXBuildFile; fileRef = 335294712BB6C59000763962 /* NavigationTabView.swift */; };
		335294742BB6C59F00763962 /* HomeView.swift in Sources */ = {isa = PBXBuildFile; fileRef = 335294732BB6C59F00763962 /* HomeView.swift */; };
		335294772BB93A5300763962 /* TestsFromSubjectView.swift in Sources */ = {isa = PBXBuildFile; fileRef = 335294762BB93A5300763962 /* TestsFromSubjectView.swift */; };
		3352947A2BB9405D00763962 /* Test.swift in Sources */ = {isa = PBXBuildFile; fileRef = 335294792BB9405D00763962 /* Test.swift */; };
		3352947C2BB945BC00763962 /* TestBoard.swift in Sources */ = {isa = PBXBuildFile; fileRef = 3352947B2BB945BB00763962 /* TestBoard.swift */; };
		3352947E2BB9626400763962 /* ChatIndexView.swift in Sources */ = {isa = PBXBuildFile; fileRef = 3352947D2BB9626400763962 /* ChatIndexView.swift */; };
		335294812BB962B900763962 /* ChatStore.swift in Sources */ = {isa = PBXBuildFile; fileRef = 335294802BB962B900763962 /* ChatStore.swift */; };
		335294842BB963F100763962 /* Conversation.swift in Sources */ = {isa = PBXBuildFile; fileRef = 335294832BB963F100763962 /* Conversation.swift */; };
		335294862BB9651300763962 /* Chat.swift in Sources */ = {isa = PBXBuildFile; fileRef = 335294852BB9651300763962 /* Chat.swift */; };
		335294882BB9668400763962 /* OpenAIChatConversation.swift in Sources */ = {isa = PBXBuildFile; fileRef = 335294872BB9668400763962 /* OpenAIChatConversation.swift */; };
		3352948A2BB97AEF00763962 /* ChatSettings.swift in Sources */ = {isa = PBXBuildFile; fileRef = 335294892BB97AEF00763962 /* ChatSettings.swift */; };
		3352948C2BB97BAD00763962 /* AppConstant.swift in Sources */ = {isa = PBXBuildFile; fileRef = 3352948B2BB97BAD00763962 /* AppConstant.swift */; };
		3352948E2BB97CD000763962 /* UserSettings.swift in Sources */ = {isa = PBXBuildFile; fileRef = 3352948D2BB97CD000763962 /* UserSettings.swift */; };
		335294902BB97DDB00763962 /* ChatManager.swift in Sources */ = {isa = PBXBuildFile; fileRef = 3352948F2BB97DDB00763962 /* ChatManager.swift */; };
		335294932BB97E5B00763962 /* OpenAIChatAPI.swift in Sources */ = {isa = PBXBuildFile; fileRef = 335294922BB97E5B00763962 /* OpenAIChatAPI.swift */; };
		335294952BB97EA000763962 /* OpenAIMessage.swift in Sources */ = {isa = PBXBuildFile; fileRef = 335294942BB97EA000763962 /* OpenAIMessage.swift */; };
		335294972BB97F8A00763962 /* OpenAIEndPoint.swift in Sources */ = {isa = PBXBuildFile; fileRef = 335294962BB97F8A00763962 /* OpenAIEndPoint.swift */; };
		3352949B2BB9809700763962 /* UserSettingsView.swift in Sources */ = {isa = PBXBuildFile; fileRef = 3352949A2BB9809700763962 /* UserSettingsView.swift */; };
		3352949D2BB981CA00763962 /* ChatSettingsView.swift in Sources */ = {isa = PBXBuildFile; fileRef = 3352949C2BB981CA00763962 /* ChatSettingsView.swift */; };
		335294B92BC22DE300763962 /* CalendarView.swift in Sources */ = {isa = PBXBuildFile; fileRef = 335294B82BC22DE300763962 /* CalendarView.swift */; };
		33BA32D02BC67D4600C88D1F /* Test0.json in Resources */ = {isa = PBXBuildFile; fileRef = 33BA32CF2BC67D4600C88D1F /* Test0.json */; };
		33BA32D22BC67E8100C88D1F /* TestStore.swift in Sources */ = {isa = PBXBuildFile; fileRef = 33BA32D12BC67E8100C88D1F /* TestStore.swift */; };
		33BA32D42BC6C14B00C88D1F /* Test1.json in Resources */ = {isa = PBXBuildFile; fileRef = 33BA32D32BC6C14B00C88D1F /* Test1.json */; };
		33BA32D62BC7EE8300C88D1F /* ChatDetailView.swift in Sources */ = {isa = PBXBuildFile; fileRef = 33BA32D52BC7EE8300C88D1F /* ChatDetailView.swift */; };
		33BA32D82BCE5BB300C88D1F /* TestView.swift in Sources */ = {isa = PBXBuildFile; fileRef = 33BA32D72BCE5BB300C88D1F /* TestView.swift */; };
/* End PBXBuildFile section */

/* Begin PBXFileReference section */
		335294572BB6B44400763962 /* Quiz Ocean.app */ = {isa = PBXFileReference; explicitFileType = wrapper.application; includeInIndex = 0; path = "Quiz Ocean.app"; sourceTree = BUILT_PRODUCTS_DIR; };
		3352945A2BB6B44400763962 /* Quiz_OceanApp.swift */ = {isa = PBXFileReference; lastKnownFileType = sourcecode.swift; path = Quiz_OceanApp.swift; sourceTree = "<group>"; };
		3352945E2BB6B44600763962 /* Assets.xcassets */ = {isa = PBXFileReference; lastKnownFileType = folder.assetcatalog; path = Assets.xcassets; sourceTree = "<group>"; };
		335294612BB6B44600763962 /* Preview Assets.xcassets */ = {isa = PBXFileReference; lastKnownFileType = folder.assetcatalog; path = "Preview Assets.xcassets"; sourceTree = "<group>"; };
		335294662BB6B44600763962 /* Quiz_Ocean.xcdatamodel */ = {isa = PBXFileReference; lastKnownFileType = wrapper.xcdatamodel; path = Quiz_Ocean.xcdatamodel; sourceTree = "<group>"; };
		3352946F2BB6C56400763962 /* ChatView.swift */ = {isa = PBXFileReference; lastKnownFileType = sourcecode.swift; path = ChatView.swift; sourceTree = "<group>"; };
		335294712BB6C59000763962 /* NavigationTabView.swift */ = {isa = PBXFileReference; lastKnownFileType = sourcecode.swift; path = NavigationTabView.swift; sourceTree = "<group>"; };
		335294732BB6C59F00763962 /* HomeView.swift */ = {isa = PBXFileReference; lastKnownFileType = sourcecode.swift; path = HomeView.swift; sourceTree = "<group>"; };
		335294762BB93A5300763962 /* TestsFromSubjectView.swift */ = {isa = PBXFileReference; lastKnownFileType = sourcecode.swift; path = TestsFromSubjectView.swift; sourceTree = "<group>"; };
		335294792BB9405D00763962 /* Test.swift */ = {isa = PBXFileReference; lastKnownFileType = sourcecode.swift; path = Test.swift; sourceTree = "<group>"; };
		3352947B2BB945BB00763962 /* TestBoard.swift */ = {isa = PBXFileReference; lastKnownFileType = sourcecode.swift; path = TestBoard.swift; sourceTree = "<group>"; };
		3352947D2BB9626400763962 /* ChatIndexView.swift */ = {isa = PBXFileReference; lastKnownFileType = sourcecode.swift; path = ChatIndexView.swift; sourceTree = "<group>"; };
		335294802BB962B900763962 /* ChatStore.swift */ = {isa = PBXFileReference; lastKnownFileType = sourcecode.swift; path = ChatStore.swift; sourceTree = "<group>"; };
		335294832BB963F100763962 /* Conversation.swift */ = {isa = PBXFileReference; lastKnownFileType = sourcecode.swift; path = Conversation.swift; sourceTree = "<group>"; };
		335294852BB9651300763962 /* Chat.swift */ = {isa = PBXFileReference; lastKnownFileType = sourcecode.swift; path = Chat.swift; sourceTree = "<group>"; };
		335294872BB9668400763962 /* OpenAIChatConversation.swift */ = {isa = PBXFileReference; lastKnownFileType = sourcecode.swift; path = OpenAIChatConversation.swift; sourceTree = "<group>"; };
		335294892BB97AEF00763962 /* ChatSettings.swift */ = {isa = PBXFileReference; lastKnownFileType = sourcecode.swift; path = ChatSettings.swift; sourceTree = "<group>"; };
		3352948B2BB97BAD00763962 /* AppConstant.swift */ = {isa = PBXFileReference; lastKnownFileType = sourcecode.swift; path = AppConstant.swift; sourceTree = "<group>"; };
		3352948D2BB97CD000763962 /* UserSettings.swift */ = {isa = PBXFileReference; lastKnownFileType = sourcecode.swift; path = UserSettings.swift; sourceTree = "<group>"; };
		3352948F2BB97DDB00763962 /* ChatManager.swift */ = {isa = PBXFileReference; lastKnownFileType = sourcecode.swift; path = ChatManager.swift; sourceTree = "<group>"; };
		335294922BB97E5B00763962 /* OpenAIChatAPI.swift */ = {isa = PBXFileReference; lastKnownFileType = sourcecode.swift; path = OpenAIChatAPI.swift; sourceTree = "<group>"; };
		335294942BB97EA000763962 /* OpenAIMessage.swift */ = {isa = PBXFileReference; lastKnownFileType = sourcecode.swift; path = OpenAIMessage.swift; sourceTree = "<group>"; };
		335294962BB97F8A00763962 /* OpenAIEndPoint.swift */ = {isa = PBXFileReference; lastKnownFileType = sourcecode.swift; path = OpenAIEndPoint.swift; sourceTree = "<group>"; };
		3352949A2BB9809700763962 /* UserSettingsView.swift */ = {isa = PBXFileReference; lastKnownFileType = sourcecode.swift; path = UserSettingsView.swift; sourceTree = "<group>"; };
		3352949C2BB981CA00763962 /* ChatSettingsView.swift */ = {isa = PBXFileReference; lastKnownFileType = sourcecode.swift; path = ChatSettingsView.swift; sourceTree = "<group>"; };
		335294B82BC22DE300763962 /* CalendarView.swift */ = {isa = PBXFileReference; lastKnownFileType = sourcecode.swift; path = CalendarView.swift; sourceTree = "<group>"; };
		33BA32CF2BC67D4600C88D1F /* Test0.json */ = {isa = PBXFileReference; fileEncoding = 4; lastKnownFileType = text.json; path = Test0.json; sourceTree = "<group>"; };
		33BA32D12BC67E8100C88D1F /* TestStore.swift */ = {isa = PBXFileReference; lastKnownFileType = sourcecode.swift; path = TestStore.swift; sourceTree = "<group>"; };
		33BA32D32BC6C14B00C88D1F /* Test1.json */ = {isa = PBXFileReference; lastKnownFileType = text.json; path = Test1.json; sourceTree = "<group>"; };
		33BA32D52BC7EE8300C88D1F /* ChatDetailView.swift */ = {isa = PBXFileReference; lastKnownFileType = sourcecode.swift; path = ChatDetailView.swift; sourceTree = "<group>"; };
		33BA32D72BCE5BB300C88D1F /* TestView.swift */ = {isa = PBXFileReference; lastKnownFileType = sourcecode.swift; path = TestView.swift; sourceTree = "<group>"; };
/* End PBXFileReference section */

/* Begin PBXFrameworksBuildPhase section */
		335294542BB6B44400763962 /* Frameworks */ = {
			isa = PBXFrameworksBuildPhase;
			buildActionMask = 2147483647;
			files = (
			);
			runOnlyForDeploymentPostprocessing = 0;
		};
/* End PBXFrameworksBuildPhase section */

/* Begin PBXGroup section */
		3352944E2BB6B44400763962 = {
			isa = PBXGroup;
			children = (
				335294592BB6B44400763962 /* Quiz Ocean */,
				335294582BB6B44400763962 /* Products */,
			);
			sourceTree = "<group>";
		};
		335294582BB6B44400763962 /* Products */ = {
			isa = PBXGroup;
			children = (
				335294572BB6B44400763962 /* Quiz Ocean.app */,
			);
			name = Products;
			sourceTree = "<group>";
		};
		335294592BB6B44400763962 /* Quiz Ocean */ = {
			isa = PBXGroup;
			children = (
				33BA32CE2BC67D4600C88D1F /* Data */,
				335294912BB97E2F00763962 /* OpenAI */,
				3352947F2BB9628200763962 /* ViewModels */,
				335294782BB9404A00763962 /* Models */,
				335294752BB93A0F00763962 /* Views */,
				3352945A2BB6B44400763962 /* Quiz_OceanApp.swift */,
				3352945E2BB6B44600763962 /* Assets.xcassets */,
				335294652BB6B44600763962 /* Quiz_Ocean.xcdatamodeld */,
				335294602BB6B44600763962 /* Preview Content */,
				3352948B2BB97BAD00763962 /* AppConstant.swift */,
			);
			path = "Quiz Ocean";
			sourceTree = "<group>";
		};
		335294602BB6B44600763962 /* Preview Content */ = {
			isa = PBXGroup;
			children = (
				335294612BB6B44600763962 /* Preview Assets.xcassets */,
			);
			path = "Preview Content";
			sourceTree = "<group>";
		};
		335294752BB93A0F00763962 /* Views */ = {
			isa = PBXGroup;
			children = (
				33BA32CC2BC62B7E00C88D1F /* Home */,
				33BA32CB2BC62B5900C88D1F /* Chat */,
				335294712BB6C59000763962 /* NavigationTabView.swift */,
			);
			path = Views;
			sourceTree = "<group>";
		};
		335294782BB9404A00763962 /* Models */ = {
			isa = PBXGroup;
			children = (
				33BA33082BDE617600C88D1F /* Chat */,
				335294792BB9405D00763962 /* Test.swift */,
			);
			path = Models;
			sourceTree = "<group>";
		};
		3352947F2BB9628200763962 /* ViewModels */ = {
			isa = PBXGroup;
			children = (
				335294802BB962B900763962 /* ChatStore.swift */,
				33BA32D12BC67E8100C88D1F /* TestStore.swift */,
			);
			path = ViewModels;
			sourceTree = "<group>";
		};
		335294912BB97E2F00763962 /* OpenAI */ = {
			isa = PBXGroup;
			children = (
				335294872BB9668400763962 /* OpenAIChatConversation.swift */,
				3352948F2BB97DDB00763962 /* ChatManager.swift */,
				335294922BB97E5B00763962 /* OpenAIChatAPI.swift */,
				335294942BB97EA000763962 /* OpenAIMessage.swift */,
				335294962BB97F8A00763962 /* OpenAIEndPoint.swift */,
			);
			path = OpenAI;
			sourceTree = "<group>";
		};
		33BA32CB2BC62B5900C88D1F /* Chat */ = {
			isa = PBXGroup;
			children = (
				3352947D2BB9626400763962 /* ChatIndexView.swift */,
				3352946F2BB6C56400763962 /* ChatView.swift */,
				3352949C2BB981CA00763962 /* ChatSettingsView.swift */,
				3352949A2BB9809700763962 /* UserSettingsView.swift */,
				33BA32D52BC7EE8300C88D1F /* ChatDetailView.swift */,
			);
			path = Chat;
			sourceTree = "<group>";
		};
		33BA32CC2BC62B7E00C88D1F /* Home */ = {
			isa = PBXGroup;
			children = (
				335294732BB6C59F00763962 /* HomeView.swift */,
				335294B82BC22DE300763962 /* CalendarView.swift */,
				3352947B2BB945BB00763962 /* TestBoard.swift */,
				335294762BB93A5300763962 /* TestsFromSubjectView.swift */,
				33BA32D72BCE5BB300C88D1F /* TestView.swift */,
			);
			path = Home;
			sourceTree = "<group>";
		};
		33BA32CE2BC67D4600C88D1F /* Data */ = {
			isa = PBXGroup;
			children = (
				33BA32CF2BC67D4600C88D1F /* Test0.json */,
				33BA32D32BC6C14B00C88D1F /* Test1.json */,
			);
			path = Data;
			sourceTree = "<group>";
		};
		33BA33082BDE617600C88D1F /* Chat */ = {
			isa = PBXGroup;
			children = (
				335294832BB963F100763962 /* Conversation.swift */,
				335294852BB9651300763962 /* Chat.swift */,
				335294892BB97AEF00763962 /* ChatSettings.swift */,
				3352948D2BB97CD000763962 /* UserSettings.swift */,
			);
			path = Chat;
			sourceTree = "<group>";
		};
/* End PBXGroup section */

/* Begin PBXNativeTarget section */
		335294562BB6B44400763962 /* Quiz Ocean */ = {
			isa = PBXNativeTarget;
			buildConfigurationList = 3352946A2BB6B44600763962 /* Build configuration list for PBXNativeTarget "Quiz Ocean" */;
			buildPhases = (
				335294532BB6B44400763962 /* Sources */,
				335294542BB6B44400763962 /* Frameworks */,
				335294552BB6B44400763962 /* Resources */,
			);
			buildRules = (
			);
			dependencies = (
			);
			name = "Quiz Ocean";
			productName = "Quiz Ocean";
			productReference = 335294572BB6B44400763962 /* Quiz Ocean.app */;
			productType = "com.apple.product-type.application";
		};
/* End PBXNativeTarget section */

/* Begin PBXProject section */
		3352944F2BB6B44400763962 /* Project object */ = {
			isa = PBXProject;
			attributes = {
				BuildIndependentTargetsInParallel = 1;
				LastSwiftUpdateCheck = 1430;
				LastUpgradeCheck = 1430;
				TargetAttributes = {
					335294562BB6B44400763962 = {
						CreatedOnToolsVersion = 14.3.1;
					};
				};
			};
			buildConfigurationList = 335294522BB6B44400763962 /* Build configuration list for PBXProject "Quiz Ocean" */;
			compatibilityVersion = "Xcode 14.0";
			developmentRegion = en;
			hasScannedForEncodings = 0;
			knownRegions = (
				en,
				Base,
			);
			mainGroup = 3352944E2BB6B44400763962;
			productRefGroup = 335294582BB6B44400763962 /* Products */;
			projectDirPath = "";
			projectRoot = "";
			targets = (
				335294562BB6B44400763962 /* Quiz Ocean */,
			);
		};
/* End PBXProject section */

/* Begin PBXResourcesBuildPhase section */
		335294552BB6B44400763962 /* Resources */ = {
			isa = PBXResourcesBuildPhase;
			buildActionMask = 2147483647;
			files = (
				33BA32D02BC67D4600C88D1F /* Test0.json in Resources */,
				335294622BB6B44600763962 /* Preview Assets.xcassets in Resources */,
				3352945F2BB6B44600763962 /* Assets.xcassets in Resources */,
				33BA32D42BC6C14B00C88D1F /* Test1.json in Resources */,
			);
			runOnlyForDeploymentPostprocessing = 0;
		};
/* End PBXResourcesBuildPhase section */

/* Begin PBXSourcesBuildPhase section */
		335294532BB6B44400763962 /* Sources */ = {
			isa = PBXSourcesBuildPhase;
			buildActionMask = 2147483647;
			files = (
				335294972BB97F8A00763962 /* OpenAIEndPoint.swift in Sources */,
				335294932BB97E5B00763962 /* OpenAIChatAPI.swift in Sources */,
				335294B92BC22DE300763962 /* CalendarView.swift in Sources */,
				3352947C2BB945BC00763962 /* TestBoard.swift in Sources */,
				335294882BB9668400763962 /* OpenAIChatConversation.swift in Sources */,
				3352949D2BB981CA00763962 /* ChatSettingsView.swift in Sources */,
				3352947A2BB9405D00763962 /* Test.swift in Sources */,
				33BA32D22BC67E8100C88D1F /* TestStore.swift in Sources */,
				335294952BB97EA000763962 /* OpenAIMessage.swift in Sources */,
				33BA32D62BC7EE8300C88D1F /* ChatDetailView.swift in Sources */,
				335294742BB6C59F00763962 /* HomeView.swift in Sources */,
				335294772BB93A5300763962 /* TestsFromSubjectView.swift in Sources */,
				335294672BB6B44600763962 /* Quiz_Ocean.xcdatamodeld in Sources */,
				335294812BB962B900763962 /* ChatStore.swift in Sources */,
				335294702BB6C56400763962 /* ChatView.swift in Sources */,
				335294862BB9651300763962 /* Chat.swift in Sources */,
				3352947E2BB9626400763962 /* ChatIndexView.swift in Sources */,
				335294722BB6C59000763962 /* NavigationTabView.swift in Sources */,
				3352948E2BB97CD000763962 /* UserSettings.swift in Sources */,
				3352949B2BB9809700763962 /* UserSettingsView.swift in Sources */,
				335294902BB97DDB00763962 /* ChatManager.swift in Sources */,
				3352945B2BB6B44400763962 /* Quiz_OceanApp.swift in Sources */,
				3352948A2BB97AEF00763962 /* ChatSettings.swift in Sources */,
				335294842BB963F100763962 /* Conversation.swift in Sources */,
				33BA32D82BCE5BB300C88D1F /* TestView.swift in Sources */,
				3352948C2BB97BAD00763962 /* AppConstant.swift in Sources */,
			);
			runOnlyForDeploymentPostprocessing = 0;
		};
/* End PBXSourcesBuildPhase section */

/* Begin XCBuildConfiguration section */
		335294682BB6B44600763962 /* Debug */ = {
			isa = XCBuildConfiguration;
			buildSettings = {
				ALWAYS_SEARCH_USER_PATHS = NO;
				CLANG_ANALYZER_NONNULL = YES;
				CLANG_ANALYZER_NUMBER_OBJECT_CONVERSION = YES_AGGRESSIVE;
				CLANG_CXX_LANGUAGE_STANDARD = "gnu++20";
				CLANG_ENABLE_MODULES = YES;
				CLANG_ENABLE_OBJC_ARC = YES;
				CLANG_ENABLE_OBJC_WEAK = YES;
				CLANG_WARN_BLOCK_CAPTURE_AUTORELEASING = YES;
				CLANG_WARN_BOOL_CONVERSION = YES;
				CLANG_WARN_COMMA = YES;
				CLANG_WARN_CONSTANT_CONVERSION = YES;
				CLANG_WARN_DEPRECATED_OBJC_IMPLEMENTATIONS = YES;
				CLANG_WARN_DIRECT_OBJC_ISA_USAGE = YES_ERROR;
				CLANG_WARN_DOCUMENTATION_COMMENTS = YES;
				CLANG_WARN_EMPTY_BODY = YES;
				CLANG_WARN_ENUM_CONVERSION = YES;
				CLANG_WARN_INFINITE_RECURSION = YES;
				CLANG_WARN_INT_CONVERSION = YES;
				CLANG_WARN_NON_LITERAL_NULL_CONVERSION = YES;
				CLANG_WARN_OBJC_IMPLICIT_RETAIN_SELF = YES;
				CLANG_WARN_OBJC_LITERAL_CONVERSION = YES;
				CLANG_WARN_OBJC_ROOT_CLASS = YES_ERROR;
				CLANG_WARN_QUOTED_INCLUDE_IN_FRAMEWORK_HEADER = YES;
				CLANG_WARN_RANGE_LOOP_ANALYSIS = YES;
				CLANG_WARN_STRICT_PROTOTYPES = YES;
				CLANG_WARN_SUSPICIOUS_MOVE = YES;
				CLANG_WARN_UNGUARDED_AVAILABILITY = YES_AGGRESSIVE;
				CLANG_WARN_UNREACHABLE_CODE = YES;
				CLANG_WARN__DUPLICATE_METHOD_MATCH = YES;
				COPY_PHASE_STRIP = NO;
				DEBUG_INFORMATION_FORMAT = dwarf;
				ENABLE_STRICT_OBJC_MSGSEND = YES;
				ENABLE_TESTABILITY = YES;
				GCC_C_LANGUAGE_STANDARD = gnu11;
				GCC_DYNAMIC_NO_PIC = NO;
				GCC_NO_COMMON_BLOCKS = YES;
				GCC_OPTIMIZATION_LEVEL = 0;
				GCC_PREPROCESSOR_DEFINITIONS = (
					"DEBUG=1",
					"$(inherited)",
				);
				GCC_WARN_64_TO_32_BIT_CONVERSION = YES;
				GCC_WARN_ABOUT_RETURN_TYPE = YES_ERROR;
				GCC_WARN_UNDECLARED_SELECTOR = YES;
				GCC_WARN_UNINITIALIZED_AUTOS = YES_AGGRESSIVE;
				GCC_WARN_UNUSED_FUNCTION = YES;
				GCC_WARN_UNUSED_VARIABLE = YES;
				IPHONEOS_DEPLOYMENT_TARGET = 16.4;
				MTL_ENABLE_DEBUG_INFO = INCLUDE_SOURCE;
				MTL_FAST_MATH = YES;
				ONLY_ACTIVE_ARCH = YES;
				SDKROOT = iphoneos;
				SWIFT_ACTIVE_COMPILATION_CONDITIONS = DEBUG;
				SWIFT_OPTIMIZATION_LEVEL = "-Onone";
			};
			name = Debug;
		};
		335294692BB6B44600763962 /* Release */ = {
			isa = XCBuildConfiguration;
			buildSettings = {
				ALWAYS_SEARCH_USER_PATHS = NO;
				CLANG_ANALYZER_NONNULL = YES;
				CLANG_ANALYZER_NUMBER_OBJECT_CONVERSION = YES_AGGRESSIVE;
				CLANG_CXX_LANGUAGE_STANDARD = "gnu++20";
				CLANG_ENABLE_MODULES = YES;
				CLANG_ENABLE_OBJC_ARC = YES;
				CLANG_ENABLE_OBJC_WEAK = YES;
				CLANG_WARN_BLOCK_CAPTURE_AUTORELEASING = YES;
				CLANG_WARN_BOOL_CONVERSION = YES;
				CLANG_WARN_COMMA = YES;
				CLANG_WARN_CONSTANT_CONVERSION = YES;
				CLANG_WARN_DEPRECATED_OBJC_IMPLEMENTATIONS = YES;
				CLANG_WARN_DIRECT_OBJC_ISA_USAGE = YES_ERROR;
				CLANG_WARN_DOCUMENTATION_COMMENTS = YES;
				CLANG_WARN_EMPTY_BODY = YES;
				CLANG_WARN_ENUM_CONVERSION = YES;
				CLANG_WARN_INFINITE_RECURSION = YES;
				CLANG_WARN_INT_CONVERSION = YES;
				CLANG_WARN_NON_LITERAL_NULL_CONVERSION = YES;
				CLANG_WARN_OBJC_IMPLICIT_RETAIN_SELF = YES;
				CLANG_WARN_OBJC_LITERAL_CONVERSION = YES;
				CLANG_WARN_OBJC_ROOT_CLASS = YES_ERROR;
				CLANG_WARN_QUOTED_INCLUDE_IN_FRAMEWORK_HEADER = YES;
				CLANG_WARN_RANGE_LOOP_ANALYSIS = YES;
				CLANG_WARN_STRICT_PROTOTYPES = YES;
				CLANG_WARN_SUSPICIOUS_MOVE = YES;
				CLANG_WARN_UNGUARDED_AVAILABILITY = YES_AGGRESSIVE;
				CLANG_WARN_UNREACHABLE_CODE = YES;
				CLANG_WARN__DUPLICATE_METHOD_MATCH = YES;
				COPY_PHASE_STRIP = NO;
				DEBUG_INFORMATION_FORMAT = "dwarf-with-dsym";
				ENABLE_NS_ASSERTIONS = NO;
				ENABLE_STRICT_OBJC_MSGSEND = YES;
				GCC_C_LANGUAGE_STANDARD = gnu11;
				GCC_NO_COMMON_BLOCKS = YES;
				GCC_WARN_64_TO_32_BIT_CONVERSION = YES;
				GCC_WARN_ABOUT_RETURN_TYPE = YES_ERROR;
				GCC_WARN_UNDECLARED_SELECTOR = YES;
				GCC_WARN_UNINITIALIZED_AUTOS = YES_AGGRESSIVE;
				GCC_WARN_UNUSED_FUNCTION = YES;
				GCC_WARN_UNUSED_VARIABLE = YES;
				IPHONEOS_DEPLOYMENT_TARGET = 16.4;
				MTL_ENABLE_DEBUG_INFO = NO;
				MTL_FAST_MATH = YES;
				SDKROOT = iphoneos;
				SWIFT_COMPILATION_MODE = wholemodule;
				SWIFT_OPTIMIZATION_LEVEL = "-O";
				VALIDATE_PRODUCT = YES;
			};
			name = Release;
		};
		3352946B2BB6B44600763962 /* Debug */ = {
			isa = XCBuildConfiguration;
			buildSettings = {
				ASSETCATALOG_COMPILER_APPICON_NAME = AppIcon;
				ASSETCATALOG_COMPILER_GLOBAL_ACCENT_COLOR_NAME = AccentColor;
				CODE_SIGN_STYLE = Automatic;
				CURRENT_PROJECT_VERSION = 1;
				DEVELOPMENT_ASSET_PATHS = "\"Quiz Ocean/Preview Content\"";
				ENABLE_PREVIEWS = YES;
				GENERATE_INFOPLIST_FILE = YES;
				INFOPLIST_KEY_UIApplicationSceneManifest_Generation = YES;
				INFOPLIST_KEY_UIApplicationSupportsIndirectInputEvents = YES;
				INFOPLIST_KEY_UILaunchScreen_Generation = YES;
				INFOPLIST_KEY_UISupportedInterfaceOrientations_iPad = "UIInterfaceOrientationPortrait UIInterfaceOrientationPortraitUpsideDown UIInterfaceOrientationLandscapeLeft UIInterfaceOrientationLandscapeRight";
				INFOPLIST_KEY_UISupportedInterfaceOrientations_iPhone = "UIInterfaceOrientationPortrait UIInterfaceOrientationLandscapeLeft UIInterfaceOrientationLandscapeRight";
				IPHONEOS_DEPLOYMENT_TARGET = 16.4;
				LD_RUNPATH_SEARCH_PATHS = (
					"$(inherited)",
					"@executable_path/Frameworks",
				);
				MARKETING_VERSION = 1.0;
				PRODUCT_BUNDLE_IDENTIFIER = "abc.Quiz-Ocean";
				PRODUCT_NAME = "$(TARGET_NAME)";
				SWIFT_EMIT_LOC_STRINGS = YES;
				SWIFT_VERSION = 5.0;
				TARGETED_DEVICE_FAMILY = "1,2";
			};
			name = Debug;
		};
		3352946C2BB6B44600763962 /* Release */ = {
			isa = XCBuildConfiguration;
			buildSettings = {
				ASSETCATALOG_COMPILER_APPICON_NAME = AppIcon;
				ASSETCATALOG_COMPILER_GLOBAL_ACCENT_COLOR_NAME = AccentColor;
				CODE_SIGN_STYLE = Automatic;
				CURRENT_PROJECT_VERSION = 1;
				DEVELOPMENT_ASSET_PATHS = "\"Quiz Ocean/Preview Content\"";
				ENABLE_PREVIEWS = YES;
				GENERATE_INFOPLIST_FILE = YES;
				INFOPLIST_KEY_UIApplicationSceneManifest_Generation = YES;
				INFOPLIST_KEY_UIApplicationSupportsIndirectInputEvents = YES;
				INFOPLIST_KEY_UILaunchScreen_Generation = YES;
				INFOPLIST_KEY_UISupportedInterfaceOrientations_iPad = "UIInterfaceOrientationPortrait UIInterfaceOrientationPortraitUpsideDown UIInterfaceOrientationLandscapeLeft UIInterfaceOrientationLandscapeRight";
				INFOPLIST_KEY_UISupportedInterfaceOrientations_iPhone = "UIInterfaceOrientationPortrait UIInterfaceOrientationLandscapeLeft UIInterfaceOrientationLandscapeRight";
				IPHONEOS_DEPLOYMENT_TARGET = 16.4;
				LD_RUNPATH_SEARCH_PATHS = (
					"$(inherited)",
					"@executable_path/Frameworks",
				);
				MARKETING_VERSION = 1.0;
				PRODUCT_BUNDLE_IDENTIFIER = "abc.Quiz-Ocean";
				PRODUCT_NAME = "$(TARGET_NAME)";
				SWIFT_EMIT_LOC_STRINGS = YES;
				SWIFT_VERSION = 5.0;
				TARGETED_DEVICE_FAMILY = "1,2";
			};
			name = Release;
		};
/* End XCBuildConfiguration section */

/* Begin XCConfigurationList section */
		335294522BB6B44400763962 /* Build configuration list for PBXProject "Quiz Ocean" */ = {
			isa = XCConfigurationList;
			buildConfigurations = (
				335294682BB6B44600763962 /* Debug */,
				335294692BB6B44600763962 /* Release */,
			);
			defaultConfigurationIsVisible = 0;
			defaultConfigurationName = Release;
		};
		3352946A2BB6B44600763962 /* Build configuration list for PBXNativeTarget "Quiz Ocean" */ = {
			isa = XCConfigurationList;
			buildConfigurations = (
				3352946B2BB6B44600763962 /* Debug */,
				3352946C2BB6B44600763962 /* Release */,
			);
			defaultConfigurationIsVisible = 0;
			defaultConfigurationName = Release;
		};
/* End XCConfigurationList section */

/* Begin XCVersionGroup section */
		335294652BB6B44600763962 /* Quiz_Ocean.xcdatamodeld */ = {
			isa = XCVersionGroup;
			children = (
				335294662BB6B44600763962 /* Quiz_Ocean.xcdatamodel */,
			);
			currentVersion = 335294662BB6B44600763962 /* Quiz_Ocean.xcdatamodel */;
			path = Quiz_Ocean.xcdatamodeld;
			sourceTree = "<group>";
			versionGroupType = wrapper.xcdatamodel;
		};
/* End XCVersionGroup section */
	};
	rootObject = 3352944F2BB6B44400763962 /* Project object */;
}
